Microsoft Visual Studio Solution File, Format Version 11.00
# Visual Studio 2008

Project("{600BE7CC-7218-2D2E-1E8D-58591ED49B68}") = "PongutileDemoProject", "Assembly-CSharp-firstpass-vs.csproj", "{2EB62F64-EA42-FDB5-3CBB-1B45D92E46A2}"
EndProject
Project("{600BE7CC-7218-2D2E-1E8D-58591ED49B68}") = "PongutileDemoProject", "Assembly-CSharp-vs.csproj", "{1DE75363-9B44-F931-30C8-BCD940358FCB}"
EndProject
Global
	GlobalSection(SolutionConfigurationPlatforms) = preSolution
		Debug|Any CPU = Debug|Any CPU
		Release|Any CPU = Release|Any CPU
	EndGlobalSection
	GlobalSection(ProjectConfigurationPlatforms) = postSolution
		{2EB62F64-EA42-FDB5-3CBB-1B45D92E46A2}.Debug|Any CPU.ActiveCfg = Debug|Any CPU
		{2EB62F64-EA42-FDB5-3CBB-1B45D92E46A2}.Debug|Any CPU.Build.0 = Debug|Any CPU
		{2EB62F64-EA42-FDB5-3CBB-1B45D92E46A2}.Release|Any CPU.ActiveCfg = Release|Any CPU
		{2EB62F64-EA42-FDB5-3CBB-1B45D92E46A2}.Release|Any CPU.Build.0 = Release|Any CPU
		{1DE75363-9B44-F931-30C8-BCD940358FCB}.Debug|Any CPU.ActiveCfg = Debug|Any CPU
		{1DE75363-9B44-F931-30C8-BCD940358FCB}.Debug|Any CPU.Build.0 = Debug|Any CPU
		{1DE75363-9B44-F931-30C8-BCD940358FCB}.Release|Any CPU.ActiveCfg = Release|Any CPU
		{1DE75363-9B44-F931-30C8-BCD940358FCB}.Release|Any CPU.Build.0 = Release|Any CPU
	EndGlobalSection
	GlobalSection(SolutionProperties) = preSolution
		HideSolutionNode = FALSE
	EndGlobalSection
			GlobalSection(MonoDevelopProperties) = preSolution
		StartupItem = Assembly-CSharp.csproj
		Policies = $0
		$0.TextStylePolicy = $1
		$1.inheritsSet = null
		$1.scope = text/x-csharp
		$0.CSharpFormattingPolicy = $2
		$2.inheritsSet = Mono
		$2.inheritsScope = text/x-csharp
		$2.scope = text/x-csharp
		$0.TextStylePolicy = $3
		$3.FileWidth = 120
		$3.TabWidth = 4
		$3.EolMarker = Unix
		$3.inheritsSet = Mono
		$3.inheritsScope = text/plain
		$3.scope = text/plain
	EndGlobalSection

EndGlobal
